
Microsoft Visual Studio Solution File, Format Version 12.00
# Visual Studio Version 17
VisualStudioVersion = 17.8.34525.116
MinimumVisualStudioVersion = 10.0.40219.1
Project("{FAE04EC0-301F-11D3-BF4B-00C04F79EFBC}") = "sadiqa", "sadiqa\sadiqa.csproj", "{C020C5E2-71C8-4F66-9F4C-8737EA5E2BEC}"
EndProject
Global
	GlobalSection(SolutionConfigurationPlatforms) = preSolution
		Debug|Any CPU = Debug|Any CPU
		Release|Any CPU = Release|Any CPU
	EndGlobalSection
	GlobalSection(ProjectConfigurationPlatforms) = postSolution
		{C020C5E2-71C8-4F66-9F4C-8737EA5E2BEC}.Debug|Any CPU.ActiveCfg = Debug|Any CPU
		{C020C5E2-71C8-4F66-9F4C-8737EA5E2BEC}.Debug|Any CPU.Build.0 = Debug|Any CPU
		{C020C5E2-71C8-4F66-9F4C-8737EA5E2BEC}.Release|Any CPU.ActiveCfg = Release|Any CPU
		{C020C5E2-71C8-4F66-9F4C-8737EA5E2BEC}.Release|Any CPU.Build.0 = Release|Any CPU
	EndGlobalSection
	GlobalSection(SolutionProperties) = preSolution
		HideSolutionNode = FALSE
	EndGlobalSection
	GlobalSection(ExtensibilityGlobals) = postSolution
		SolutionGuid = {661FF7EE-BB95-4C73-AA1B-24C9AC12C408}
	EndGlobalSection
EndGlobal
